{
  "name": "ctr-nand-searcher",
  "version": "1.0.0",
  "lockfileVersion": 2,
  "requires": true,
  "packages": {
    "": {
      "name": "ctr-nand-searcher",
      "version": "1.0.0",
      "license": "ISC",
      "dependencies": {
        "aes-js": "^3.1.2",
        "bitwise": "^2.1.0"
      }
    },
    "node_modules/aes-js": {
      "version": "3.1.2",
      "resolved": "https://registry.npmjs.org/aes-js/-/aes-js-3.1.2.tgz",
      "integrity": "sha512-e5pEa2kBnBOgR4Y/p20pskXI74UEz7de8ZGVo58asOtvSVG5YAbJeELPZxOmt+Bnz3rX753YKhfIn4X4l1PPRQ=="
    },
    "node_modules/bitwise": {
      "version": "2.1.0",
      "resolved": "https://registry.npmjs.org/bitwise/-/bitwise-2.1.0.tgz",
      "integrity": "sha512-XKgAhMXCh4H/3oNwAHAsAO0iC89s9cOiumgYwSHjSobGWxYjv62YhkL9QEdvGP151xypCtMlAfKK79GEcd2eRQ=="
    }
  },
  "dependencies": {
    "aes-js": {
      "version": "3.1.2",
      "resolved": "https://registry.npmjs.org/aes-js/-/aes-js-3.1.2.tgz",
      "integrity": "sha512-e5pEa2kBnBOgR4Y/p20pskXI74UEz7de8ZGVo58asOtvSVG5YAbJeELPZxOmt+Bnz3rX753YKhfIn4X4l1PPRQ=="
    },
    "bitwise": {
      "version": "2.1.0",
      "resolved": "https://registry.npmjs.org/bitwise/-/bitwise-2.1.0.tgz",
      "integrity": "sha512-XKgAhMXCh4H/3oNwAHAsAO0iC89s9cOiumgYwSHjSobGWxYjv62YhkL9QEdvGP151xypCtMlAfKK79GEcd2eRQ=="
    }
  }
}
